
Microsoft Visual Studio Solution File, Format Version 12.00
# Visual Studio Version 17
VisualStudioVersion = 17.3.32901.215
MinimumVisualStudioVersion = 10.0.40219.1
Project("{FAE04EC0-301F-11D3-BF4B-00C04F79EFBC}") = "netcore6webapiwithsqlserverdemo", "netcore6webapiwithsqlserverdemo\netcore6webapiwithsqlserverdemo.csproj", "{BE6F1A7D-9A94-4A72-8EF1-D4B381424334}"
EndProject
Global
	GlobalSection(SolutionConfigurationPlatforms) = preSolution
		Debug|Any CPU = Debug|Any CPU
		Release|Any CPU = Release|Any CPU
	EndGlobalSection
	GlobalSection(ProjectConfigurationPlatforms) = postSolution
		{BE6F1A7D-9A94-4A72-8EF1-D4B381424334}.Debug|Any CPU.ActiveCfg = Debug|Any CPU
		{BE6F1A7D-9A94-4A72-8EF1-D4B381424334}.Debug|Any CPU.Build.0 = Debug|Any CPU
		{BE6F1A7D-9A94-4A72-8EF1-D4B381424334}.Release|Any CPU.ActiveCfg = Release|Any CPU
		{BE6F1A7D-9A94-4A72-8EF1-D4B381424334}.Release|Any CPU.Build.0 = Release|Any CPU
	EndGlobalSection
	GlobalSection(SolutionProperties) = preSolution
		HideSolutionNode = FALSE
	EndGlobalSection
	GlobalSection(ExtensibilityGlobals) = postSolution
		SolutionGuid = {D15211ED-6E0F-45A5-8D4F-0029B54C790D}
	EndGlobalSection
EndGlobal
